{
  "requires": true,
  "lockfileVersion": 1,
  "dependencies": {
    "dropzone": {
      "version": "5.4.0",
      "resolved": "https://registry.npmjs.org/dropzone/-/dropzone-5.4.0.tgz",
      "integrity": "sha1-MpDAf1mxietaEemaWMmyra5az+w="
    },
    "vali-admin": {
      "version": "2.3.0",
      "resolved": "https://registry.npmjs.org/vali-admin/-/vali-admin-2.3.0.tgz",
      "integrity": "sha512-Gxx6ysG4flu6w6xRYP0X0OpBwIKdRtXtDIqUPtb1ZekLdDA1WJz0ZRJc0JROb29sQ9yFZ/keHlfDTo+74HP8gw=="
    }
  }
}
